# This file is generated by running "yarn install" inside your project.
# Manual changes might be lost - proceed with caution!

__metadata:
  version: 6
  cacheKey: 8

"#ansi-styles@npm:ansi-styles@6.1.0":
  version: 6.1.0
  resolution: "ansi-styles@npm:6.1.0"
  checksum: 7a7f8528c07a9d20c3a92bccd2b6bc3bb4d26e5cb775c02826921477377bd495d615d61f710d56216344b6238d1d11ef2b0348e146c5b128715578bfb3217229
  languageName: node
  linkType: hard

"#supports-color@npm:supports-color@9.2.2":
  version: 9.2.2
  resolution: "supports-color@npm:9.2.2"
  checksum: 976d84877402fc38c1d43b1fde20b0a8dc0283273f21cfebe4ff7507d27543cdfbeec7db108a96b82d694465f06d64e8577562b05d0520b41710088e0a33cc50
  languageName: node
  linkType: hard

"@types/node@npm:^17.0.44":
  version: 17.0.44
  resolution: "@types/node@npm:17.0.44"
  checksum: 8e2786472507575a9c49ec6c4b056cbe1f4fd6766fd03299f8510bbdce558d8522691b2cc24329396742002c2a8c3708cb453053ecbe0ce09c10b9d48887c9d8
  languageName: node
  linkType: hard

"chalk@npm:^5.0.1":
  version: 5.0.1
  resolution: "chalk@npm:5.0.1"
  checksum: 7b45300372b908f0471fbf7389ce2f5de8d85bb949026fd51a1b95b10d0ed32c7ed5aab36dd5e9d2bf3191867909b4404cef75c5f4d2d1daeeacd301dd280b76
  languageName: node
  linkType: hard

"google-chat-data-reader@workspace:.":
  version: 0.0.0-use.local
  resolution: "google-chat-data-reader@workspace:."
  dependencies:
    "@types/node": ^17.0.44
    chalk: ^5.0.1
    typescript: ^4.7.3
    yaml: ^2.1.1
  languageName: unknown
  linkType: soft

"typescript@npm:^4.7.3":
  version: 4.7.3
  resolution: "typescript@npm:4.7.3"
  bin:
    tsc: bin/tsc
    tsserver: bin/tsserver
  checksum: fd13a1ce53790a36bb8350e1f5e5e384b5f6cb9b0635114a6d01d49cb99916abdcfbc13c7521cdae2f2d3f6d8bc4a8ae7625edf645a04ee940588cd5e7597b2f
  languageName: node
  linkType: hard

"typescript@patch:typescript@^4.7.3#~builtin<compat/typescript>":
  version: 4.7.3
  resolution: "typescript@patch:typescript@npm%3A4.7.3#~builtin<compat/typescript>::version=4.7.3&hash=7ad353"
  bin:
    tsc: bin/tsc
    tsserver: bin/tsserver
  checksum: 137d18a77f52254a284960b16ab53d0619f57b69b5d585804b8413f798a1175ce3e774fb95e6a101868577aafe357d8fcfc9171f0dc9fc0c210e9ae59d107cc0
  languageName: node
  linkType: hard

"yaml@npm:^2.1.1":
  version: 2.1.1
  resolution: "yaml@npm:2.1.1"
  checksum: f48bb209918aa57cfaf78ef6448d1a1f8187f45c746f933268b7023dc59e5456004611879126c9bb5ea55b0a2b1c2b392dfde436931ece0c703a3d754562bb96
  languageName: node
  linkType: hard
